
Microsoft Visual Studio Solution File, Format Version 10.00
# Visual Studio 2008
Project("{FAE04EC0-301F-11D3-BF4B-00C04F79EFBC}") = "uAL", "uAL\uAL.csproj", "{D51AFB67-F321-4120-AE68-C5A4BB21234E}"
EndProject
Global
	GlobalSection(SolutionConfigurationPlatforms) = preSolution
		Debug|Any CPU = Debug|Any CPU
		Release|Any CPU = Release|Any CPU
	EndGlobalSection
	GlobalSection(ProjectConfigurationPlatforms) = postSolution
		{D51AFB67-F321-4120-AE68-C5A4BB21234E}.Debug|Any CPU.ActiveCfg = Debug|Any CPU
		{D51AFB67-F321-4120-AE68-C5A4BB21234E}.Debug|Any CPU.Build.0 = Debug|Any CPU
		{D51AFB67-F321-4120-AE68-C5A4BB21234E}.Release|Any CPU.ActiveCfg = Release|Any CPU
		{D51AFB67-F321-4120-AE68-C5A4BB21234E}.Release|Any CPU.Build.0 = Release|Any CPU
	EndGlobalSection
	GlobalSection(SolutionProperties) = preSolution
		HideSolutionNode = FALSE
	EndGlobalSection
EndGlobal
